# This file is automatically @generated by Poetry 1.8.5 and should not be changed by hand.

[[package]]
name = "numpy"
version = "1.24.4"
description = "Fundamental package for array computing in Python"
optional = false
python-versions = ">=3.8"
files = [
    {file = "numpy-1.24.4-cp310-cp310-macosx_10_9_x86_64.whl", hash = "sha256:c0bfb52d2169d58c1cdb8cc1f16989101639b34c7d3ce60ed70b19c63eba0b64"},
    {file = "numpy-1.24.4-cp310-cp310-macosx_11_0_arm64.whl", hash = "sha256:ed094d4f0c177b1b8e7aa9cba7d6ceed51c0e569a5318ac0ca9a090680a6a1b1"},
    {file = "numpy-1.24.4-cp310-cp310-manylinux_2_17_aarch64.manylinux2014_aarch64.whl", hash = "sha256:79fc682a374c4a8ed08b331bef9c5f582585d1048fa6d80bc6c35bc384eee9b4"},
    {file = "numpy-1.24.4-cp310-cp310-manylinux_2_17_x86_64.manylinux2014_x86_64.whl", hash = "sha256:7ffe43c74893dbf38c2b0a1f5428760a1a9c98285553c89e12d70a96a7f3a4d6"},
    {file = "numpy-1.24.4-cp310-cp310-win32.whl", hash = "sha256:4c21decb6ea94057331e111a5bed9a79d335658c27ce2adb580fb4d54f2ad9bc"},
    {file = "numpy-1.24.4-cp310-cp310-win_amd64.whl", hash = "sha256:b4bea75e47d9586d31e892a7401f76e909712a0fd510f58f5337bea9572c571e"},
    {file = "numpy-1.24.4-cp311-cp311-macosx_10_9_x86_64.whl", hash = "sha256:f136bab9c2cfd8da131132c2cf6cc27331dd6fae65f95f69dcd4ae3c3639c810"},
    {file = "numpy-1.24.4-cp311-cp311-macosx_11_0_arm64.whl", hash = "sha256:e2926dac25b313635e4d6cf4dc4e51c8c0ebfed60b801c799ffc4c32bf3d1254"},
    {file = "numpy-1.24.4-cp311-cp311-manylinux_2_17_aarch64.manylinux2014_aarch64.whl", hash = "sha256:222e40d0e2548690405b0b3c7b21d1169117391c2e82c378467ef9ab4c8f0da7"},
    {file = "numpy-1.24.4-cp311-cp311-manylinux_2_17_x86_64.manylinux2014_x86_64.whl", hash = "sha256:7215847ce88a85ce39baf9e89070cb860c98fdddacbaa6c0da3ffb31b3350bd5"},
    {file = "numpy-1.24.4-cp311-cp311-win32.whl", hash = "sha256:4979217d7de511a8d57f4b4b5b2b965f707768440c17cb70fbf254c4b225238d"},
    {file = "numpy-1.24.4-cp311-cp311-win_amd64.whl", hash = "sha256:b7b1fc9864d7d39e28f41d089bfd6353cb5f27ecd9905348c24187a768c79694"},
    {file = "numpy-1.24.4-cp38-cp38-macosx_10_9_x86_64.whl", hash = "sha256:1452241c290f3e2a312c137a9999cdbf63f78864d63c79039bda65ee86943f61"},
    {file = "numpy-1.24.4-cp38-cp38-macosx_11_0_arm64.whl", hash = "sha256:04640dab83f7c6c85abf9cd729c5b65f1ebd0ccf9de90b270cd61935eef0197f"},
    {file = "numpy-1.24.4-cp38-cp38-manylinux_2_17_aarch64.manylinux2014_aarch64.whl", hash = "sha256:a5425b114831d1e77e4b5d812b69d11d962e104095a5b9c3b641a218abcc050e"},
    {file = "numpy-1.24.4-cp38-cp38-manylinux_2_17_x86_64.manylinux2014_x86_64.whl", hash = "sha256:dd80e219fd4c71fc3699fc1dadac5dcf4fd882bfc6f7ec53d30fa197b8ee22dc"},
    {file = "numpy-1.24.4-cp38-cp38-win32.whl", hash = "sha256:4602244f345453db537be5314d3983dbf5834a9701b7723ec28923e2889e0bb2"},
    {file = "numpy-1.24.4-cp38-cp38-win_amd64.whl", hash = "sha256:692f2e0f55794943c5bfff12b3f56f99af76f902fc47487bdfe97856de51a706"},
    {file = "numpy-1.24.4-cp39-cp39-macosx_10_9_x86_64.whl", hash = "sha256:2541312fbf09977f3b3ad449c4e5f4bb55d0dbf79226d7724211acc905049400"},
    {file = "numpy-1.24.4-cp39-cp39-macosx_11_0_arm64.whl", hash = "sha256:9667575fb6d13c95f1b36aca12c5ee3356bf001b714fc354eb5465ce1609e62f"},
    {file = "numpy-1.24.4-cp39-cp39-manylinux_2_17_aarch64.manylinux2014_aarch64.whl", hash = "sha256:f3a86ed21e4f87050382c7bc96571755193c4c1392490744ac73d660e8f564a9"},
    {file = "numpy-1.24.4-cp39-cp39-manylinux_2_17_x86_64.manylinux2014_x86_64.whl", hash = "sha256:d11efb4dbecbdf22508d55e48d9c8384db795e1b7b51ea735289ff96613ff74d"},
    {file = "numpy-1.24.4-cp39-cp39-win32.whl", hash = "sha256:6620c0acd41dbcb368610bb2f4d83145674040025e5536954782467100aa8835"},
    {file = "numpy-1.24.4-cp39-cp39-win_amd64.whl", hash = "sha256:befe2bf740fd8373cf56149a5c23a0f601e82869598d41f8e188a0e9869926f8"},
    {file = "numpy-1.24.4-pp38-pypy38_pp73-macosx_10_9_x86_64.whl", hash = "sha256:31f13e25b4e304632a4619d0e0777662c2ffea99fcae2029556b17d8ff958aef"},
    {file = "numpy-1.24.4-pp38-pypy38_pp73-manylinux_2_17_x86_64.manylinux2014_x86_64.whl", hash = "sha256:95f7ac6540e95bc440ad77f56e520da5bf877f87dca58bd095288dce8940532a"},
    {file = "numpy-1.24.4-pp38-pypy38_pp73-win_amd64.whl", hash = "sha256:e98f220aa76ca2a977fe435f5b04d7b3470c0a2e6312907b37ba6068f26787f2"},
    {file = "numpy-1.24.4.tar.gz", hash = "sha256:80f5e3a4e498641401868df4208b74581206afbee7cf7b8329daae82676d9463"},
]

[[package]]
name = "psutil"
version = "6.1.1"
description = "Cross-platform lib for process and system monitoring in Python."
optional = false
python-versions = "!=3.0.*,!=3.1.*,!=3.2.*,!=3.3.*,!=3.4.*,!=3.5.*,>=2.7"
files = [
    {file = "psutil-6.1.1-cp27-cp27m-macosx_10_9_x86_64.whl", hash = "sha256:9ccc4316f24409159897799b83004cb1e24f9819b0dcf9c0b68bdcb6cefee6a8"},
    {file = "psutil-6.1.1-cp27-cp27m-manylinux2010_i686.whl", hash = "sha256:ca9609c77ea3b8481ab005da74ed894035936223422dc591d6772b147421f777"},
    {file = "psutil-6.1.1-cp27-cp27m-manylinux2010_x86_64.whl", hash = "sha256:8df0178ba8a9e5bc84fed9cfa61d54601b371fbec5c8eebad27575f1e105c0d4"},
    {file = "psutil-6.1.1-cp27-cp27mu-manylinux2010_i686.whl", hash = "sha256:1924e659d6c19c647e763e78670a05dbb7feaf44a0e9c94bf9e14dfc6ba50468"},
    {file = "psutil-6.1.1-cp27-cp27mu-manylinux2010_x86_64.whl", hash = "sha256:018aeae2af92d943fdf1da6b58665124897cfc94faa2ca92098838f83e1b1bca"},
    {file = "psutil-6.1.1-cp27-none-win32.whl", hash = "sha256:6d4281f5bbca041e2292be3380ec56a9413b790579b8e593b1784499d0005dac"},
    {file = "psutil-6.1.1-cp27-none-win_amd64.whl", hash = "sha256:c777eb75bb33c47377c9af68f30e9f11bc78e0f07fbf907be4a5d70b2fe5f030"},
    {file = "psutil-6.1.1-cp36-abi3-macosx_10_9_x86_64.whl", hash = "sha256:fc0ed7fe2231a444fc219b9c42d0376e0a9a1a72f16c5cfa0f68d19f1a0663e8"},
    {file = "psutil-6.1.1-cp36-abi3-macosx_11_0_arm64.whl", hash = "sha256:0bdd4eab935276290ad3cb718e9809412895ca6b5b334f5a9111ee6d9aff9377"},
    {file = "psutil-6.1.1-cp36-abi3-manylinux_2_12_i686.manylinux2010_i686.manylinux_2_17_i686.manylinux2014_i686.whl", hash = "sha256:b6e06c20c05fe95a3d7302d74e7097756d4ba1247975ad6905441ae1b5b66003"},
    {file = "psutil-6.1.1-cp36-abi3-manylinux_2_12_x86_64.manylinux2010_x86_64.manylinux_2_17_x86_64.manylinux2014_x86_64.whl", hash = "sha256:97f7cb9921fbec4904f522d972f0c0e1f4fabbdd4e0287813b21215074a0f160"},
    {file = "psutil-6.1.1-cp36-abi3-manylinux_2_17_aarch64.manylinux2014_aarch64.whl", hash = "sha256:33431e84fee02bc84ea36d9e2c4a6d395d479c9dd9bba2376c1f6ee8f3a4e0b3"},
    {file = "psutil-6.1.1-cp36-cp36m-win32.whl", hash = "sha256:384636b1a64b47814437d1173be1427a7c83681b17a450bfc309a1953e329603"},
    {file = "psutil-6.1.1-cp36-cp36m-win_amd64.whl", hash = "sha256:8be07491f6ebe1a693f17d4f11e69d0dc1811fa082736500f649f79df7735303"},
    {file = "psutil-6.1.1-cp37-abi3-win32.whl", hash = "sha256:eaa912e0b11848c4d9279a93d7e2783df352b082f40111e078388701fd479e53"},
    {file = "psutil-6.1.1-cp37-abi3-win_amd64.whl", hash = "sha256:f35cfccb065fff93529d2afb4a2e89e363fe63ca1e4a5da22b603a85833c2649"},
    {file = "psutil-6.1.1.tar.gz", hash = "sha256:cf8496728c18f2d0b45198f06895be52f36611711746b7f30c464b422b50e2f5"},
]

[package.extras]
dev = ["abi3audit", "black", "check-manifest", "coverage", "packaging", "pylint", "pyperf", "pypinfo", "pytest-cov", "requests", "rstcheck", "ruff", "sphinx", "sphinx_rtd_theme", "toml-sort", "twine", "virtualenv", "vulture", "wheel"]
test = ["pytest", "pytest-xdist", "setuptools"]

[[package]]
name = "pyqt5"
version = "5.15.11"
description = "Python bindings for the Qt cross platform application toolkit"
optional = false
python-versions = ">=3.8"
files = [
    {file = "PyQt5-5.15.11-cp38-abi3-macosx_11_0_arm64.whl", hash = "sha256:c8b03dd9380bb13c804f0bdb0f4956067f281785b5e12303d529f0462f9afdc2"},
    {file = "PyQt5-5.15.11-cp38-abi3-macosx_11_0_x86_64.whl", hash = "sha256:6cd75628f6e732b1ffcfe709ab833a0716c0445d7aec8046a48d5843352becb6"},
    {file = "PyQt5-5.15.11-cp38-abi3-manylinux_2_17_x86_64.whl", hash = "sha256:cd672a6738d1ae33ef7d9efa8e6cb0a1525ecf53ec86da80a9e1b6ec38c8d0f1"},
    {file = "PyQt5-5.15.11-cp38-abi3-win32.whl", hash = "sha256:76be0322ceda5deecd1708a8d628e698089a1cea80d1a49d242a6d579a40babd"},
    {file = "PyQt5-5.15.11-cp38-abi3-win_amd64.whl", hash = "sha256:bdde598a3bb95022131a5c9ea62e0a96bd6fb28932cc1619fd7ba211531b7517"},
    {file = "PyQt5-5.15.11.tar.gz", hash = "sha256:fda45743ebb4a27b4b1a51c6d8ef455c4c1b5d610c90d2934c7802b5c1557c52"},
]

[package.dependencies]
PyQt5-Qt5 = ">=5.15.2,<5.16.0"
PyQt5-sip = ">=12.15,<13"

[[package]]
name = "pyqt5-qt5"
version = "5.15.16"
description = "The subset of a Qt installation needed by PyQt5."
optional = false
python-versions = "*"
files = [
    {file = "PyQt5_Qt5-5.15.16-py3-none-macosx_10_13_x86_64.whl", hash = "sha256:18b6fec012de60921fcb131cf2a21368171dc29050d43e4b81a64be407a36105"},
    {file = "PyQt5_Qt5-5.15.16-py3-none-macosx_11_0_arm64.whl", hash = "sha256:e1a0e7ae35a7615c74a293705204579650930486a89af23082462f429dae504a"},
    {file = "PyQt5_Qt5-5.15.16-py3-none-manylinux2014_x86_64.whl", hash = "sha256:5ee1754a6460849cba76c0f0c490c0ccc3b514abc780b141cf772db22b76b54b"},
]

[[package]]
name = "pyqt5-sip"
version = "12.15.0"
description = "The sip module support for PyQt5"
optional = false
python-versions = ">=3.8"
files = [
    {file = "PyQt5_sip-12.15.0-cp310-cp310-macosx_10_9_universal2.whl", hash = "sha256:749f7a3ffd6e3d2d5db65ed92c95cbd14490631595c61f0c0672c9238bfb17de"},
    {file = "PyQt5_sip-12.15.0-cp310-cp310-manylinux_2_5_x86_64.manylinux1_x86_64.whl", hash = "sha256:b4adc529fa4ec05728e14ea55194d907cc51f18d6f2ac5cc9f6eb52ac038aa0f"},
    {file = "PyQt5_sip-12.15.0-cp310-cp310-win32.whl", hash = "sha256:83d247cdc43ef224410b14c97413067ea26356dfa39e9ed0fe702a31e25710b0"},
    {file = "PyQt5_sip-12.15.0-cp310-cp310-win_amd64.whl", hash = "sha256:13f0c6a78e781255863e3e160304648efaf62276b7102741af637b63a6e96930"},
    {file = "PyQt5_sip-12.15.0-cp311-cp311-macosx_10_9_universal2.whl", hash = "sha256:855563d4d3b59ce7438bbf2dd32fed2707787defa40f3efe94f204a19ef92b25"},
    {file = "PyQt5_sip-12.15.0-cp311-cp311-manylinux_2_5_x86_64.manylinux1_x86_64.whl", hash = "sha256:0b718a362f4392430903bbb2a4b9bbff9841a16a52f0cfdd5b5bbd9d11457980"},
    {file = "PyQt5_sip-12.15.0-cp311-cp311-win32.whl", hash = "sha256:2575f428de584a12009fd29d00c89df16ed101a3b38beba818dfdcbc4a10709c"},
    {file = "PyQt5_sip-12.15.0-cp311-cp311-win_amd64.whl", hash = "sha256:c85be433fbafcb3d417581c0e1b67c8198d23858166e4f938e971c2262c13cdb"},
    {file = "PyQt5_sip-12.15.0-cp312-cp312-macosx_10_9_universal2.whl", hash = "sha256:852b75cf208825602480e95ab63314108f872d0da251e9ad3deaaff5a183a6f5"},
    {file = "PyQt5_sip-12.15.0-cp312-cp312-manylinux_2_5_x86_64.manylinux1_x86_64.whl", hash = "sha256:0cd21c3215e3c47fdd5fa7a2dc3dd1e07a7230b0626e905a7217925068c788b9"},
    {file = "PyQt5_sip-12.15.0-cp312-cp312-win32.whl", hash = "sha256:b58eeedc9b2a3037b136bf96915196c391a33be470ed1c0723d7163ef0b727a2"},
    {file = "PyQt5_sip-12.15.0-cp312-cp312-win_amd64.whl", hash = "sha256:24a1d4937332bf0a38dd95bb2ce4d89723df449f6e912b52ef0e107e11fefac1"},
    {file = "PyQt5_sip-12.15.0-cp38-cp38-macosx_11_0_universal2.whl", hash = "sha256:91b9538458a3a23e033c213bc879ce64f3d0a33d5a49cbd03e1e584efe307a35"},
    {file = "PyQt5_sip-12.15.0-cp38-cp38-manylinux_2_5_x86_64.manylinux1_x86_64.whl", hash = "sha256:0c1c727ede7fdc464a1fe2e46109ba836509b2d7187a46fdeae443148ce51d1c"},
    {file = "PyQt5_sip-12.15.0-cp38-cp38-win32.whl", hash = "sha256:dd241de9c569c07bbba62bff1049996e5b52478164f61f430073a87bf6d26d33"},
    {file = "PyQt5_sip-12.15.0-cp38-cp38-win_amd64.whl", hash = "sha256:f600ae6f03e4bff91153c0dc7ebe52f90bd2b6afda58fd580e6990b3b951adc0"},
    {file = "PyQt5_sip-12.15.0-cp39-cp39-macosx_10_9_universal2.whl", hash = "sha256:c0c543d604116af26694a8a5ba90f510551ff9124d503ae5ee14bb73a61363a3"},
    {file = "PyQt5_sip-12.15.0-cp39-cp39-manylinux_2_5_x86_64.manylinux1_x86_64.whl", hash = "sha256:97f2d6e8d9b7b3d3e795d576d7f56e6257f524221f6383b33ded7287763e9f06"},
    {file = "PyQt5_sip-12.15.0-cp39-cp39-win32.whl", hash = "sha256:ed5221c6241981bd98d39504823efb9cbe36841bf8917288f8fe8fc1d5569a41"},
    {file = "PyQt5_sip-12.15.0-cp39-cp39-win_amd64.whl", hash = "sha256:7f88c85702dce80ac2e1a162054f688ed394811d6dd03a5574b3fa8111b0a6db"},
    {file = "PyQt5_sip-12.15.0.tar.gz", hash = "sha256:d23fdfcf363b5cedd9d39f8a9c5710e7d52804f5b08a58e91c638b36eafcb702"},
]

[[package]]
name = "pyserial"
version = "3.5"
description = "Python Serial Port Extension"
optional = false
python-versions = "*"
files = [
    {file = "pyserial-3.5-py2.py3-none-any.whl", hash = "sha256:c4451db6ba391ca6ca299fb3ec7bae67a5c55dde170964c7a14ceefec02f2cf0"},
    {file = "pyserial-3.5.tar.gz", hash = "sha256:3c77e014170dfffbd816e6ffc205e9842efb10be9f58ec16d3e8675b4925cddb"},
]

[package.extras]
cp2110 = ["hidapi"]

[[package]]
name = "tk"
version = "0.1.0"
description = "TensorKit is a deep learning helper between Python and C++."
optional = false
python-versions = "*"
files = [
    {file = "tk-0.1.0-py3-none-any.whl", hash = "sha256:703a69ff0d5ba2bd2f7440582ad10160e4a6561595d33457dc6caa79b9bf4930"},
    {file = "tk-0.1.0.tar.gz", hash = "sha256:60bc8923d5d35f67f5c6bd93d4f0c49d2048114ec077768f959aef36d4ed97f8"},
]

[metadata]
lock-version = "2.0"
python-versions = "^3.8"
content-hash = "9a766944832ec37a8953901dc37a13ec50e7f0a316d62730543eca9190c1497c"
